// !$*UTF8*$!
{
	archiveVersion = 1;
	classes = {
	};
	objectVersion = 55;
	objects = {

/* Begin PBXBuildFile section */
		3968E67E28CD94EC00B9AFB8 /* StoryView.swift in Sources */ = {isa = PBXBuildFile; fileRef = 3968E67D28CD94EC00B9AFB8 /* StoryView.swift */; };
		396FB2BC28C98284000B5EC6 /* InstagramCloneApp.swift in Sources */ = {isa = PBXBuildFile; fileRef = 396FB2BB28C98284000B5EC6 /* InstagramCloneApp.swift */; };
		396FB2BE28C98284000B5EC6 /* ContentView.swift in Sources */ = {isa = PBXBuildFile; fileRef = 396FB2BD28C98284000B5EC6 /* ContentView.swift */; };
		396FB2C028C98285000B5EC6 /* Assets.xcassets in Resources */ = {isa = PBXBuildFile; fileRef = 396FB2BF28C98285000B5EC6 /* Assets.xcassets */; };
		396FB2C328C98285000B5EC6 /* Preview Assets.xcassets in Resources */ = {isa = PBXBuildFile; fileRef = 396FB2C228C98285000B5EC6 /* Preview Assets.xcassets */; };
		396FB2CD28C98285000B5EC6 /* InstagramCloneTests.swift in Sources */ = {isa = PBXBuildFile; fileRef = 396FB2CC28C98285000B5EC6 /* InstagramCloneTests.swift */; };
		396FB2D728C98285000B5EC6 /* InstagramCloneUITests.swift in Sources */ = {isa = PBXBuildFile; fileRef = 396FB2D628C98285000B5EC6 /* InstagramCloneUITests.swift */; };
		396FB2D928C98285000B5EC6 /* InstagramCloneUITestsLaunchTests.swift in Sources */ = {isa = PBXBuildFile; fileRef = 396FB2D828C98285000B5EC6 /* InstagramCloneUITestsLaunchTests.swift */; };
		396FB2E728C9874E000B5EC6 /* UserModel.swift in Sources */ = {isa = PBXBuildFile; fileRef = 396FB2E628C9874E000B5EC6 /* UserModel.swift */; };
		396FB2E928C9908E000B5EC6 /* StoryModel.swift in Sources */ = {isa = PBXBuildFile; fileRef = 396FB2E828C9908E000B5EC6 /* StoryModel.swift */; };
		396FB2EB28C991B8000B5EC6 /* TimelineModel.swift in Sources */ = {isa = PBXBuildFile; fileRef = 396FB2EA28C991B8000B5EC6 /* TimelineModel.swift */; };
		396FB2ED28C99267000B5EC6 /* CommentModel.swift in Sources */ = {isa = PBXBuildFile; fileRef = 396FB2EC28C99267000B5EC6 /* CommentModel.swift */; };
		396FB2F028C99468000B5EC6 /* ViewModel.swift in Sources */ = {isa = PBXBuildFile; fileRef = 396FB2EF28C99468000B5EC6 /* ViewModel.swift */; };
		400A6BC028E3E1730043E006 /* TimelineView.swift in Sources */ = {isa = PBXBuildFile; fileRef = 400A6BBF28E3E1730043E006 /* TimelineView.swift */; };
		400A6BC228E3E17A0043E006 /* TabViewCustom.swift in Sources */ = {isa = PBXBuildFile; fileRef = 400A6BC128E3E17A0043E006 /* TabViewCustom.swift */; };
/* End PBXBuildFile section */

/* Begin PBXContainerItemProxy section */
		396FB2C928C98285000B5EC6 /* PBXContainerItemProxy */ = {
			isa = PBXContainerItemProxy;
			containerPortal = 396FB2B028C98284000B5EC6 /* Project object */;
			proxyType = 1;
			remoteGlobalIDString = 396FB2B728C98284000B5EC6;
			remoteInfo = InstagramClone;
		};
		396FB2D328C98285000B5EC6 /* PBXContainerItemProxy */ = {
			isa = PBXContainerItemProxy;
			containerPortal = 396FB2B028C98284000B5EC6 /* Project object */;
			proxyType = 1;
			remoteGlobalIDString = 396FB2B728C98284000B5EC6;
			remoteInfo = InstagramClone;
		};
/* End PBXContainerItemProxy section */

/* Begin PBXFileReference section */
		3968E67D28CD94EC00B9AFB8 /* StoryView.swift */ = {isa = PBXFileReference; lastKnownFileType = sourcecode.swift; path = StoryView.swift; sourceTree = "<group>"; };
		396FB2B828C98284000B5EC6 /* InstagramClone.app */ = {isa = PBXFileReference; explicitFileType = wrapper.application; includeInIndex = 0; path = InstagramClone.app; sourceTree = BUILT_PRODUCTS_DIR; };
		396FB2BB28C98284000B5EC6 /* InstagramCloneApp.swift */ = {isa = PBXFileReference; lastKnownFileType = sourcecode.swift; path = InstagramCloneApp.swift; sourceTree = "<group>"; };
		396FB2BD28C98284000B5EC6 /* ContentView.swift */ = {isa = PBXFileReference; lastKnownFileType = sourcecode.swift; path = ContentView.swift; sourceTree = "<group>"; };
		396FB2BF28C98285000B5EC6 /* Assets.xcassets */ = {isa = PBXFileReference; lastKnownFileType = folder.assetcatalog; path = Assets.xcassets; sourceTree = "<group>"; };
		396FB2C228C98285000B5EC6 /* Preview Assets.xcassets */ = {isa = PBXFileReference; lastKnownFileType = folder.assetcatalog; path = "Preview Assets.xcassets"; sourceTree = "<group>"; };
		396FB2C828C98285000B5EC6 /* InstagramCloneTests.xctest */ = {isa = PBXFileReference; explicitFileType = wrapper.cfbundle; includeInIndex = 0; path = InstagramCloneTests.xctest; sourceTree = BUILT_PRODUCTS_DIR; };
		396FB2CC28C98285000B5EC6 /* InstagramCloneTests.swift */ = {isa = PBXFileReference; lastKnownFileType = sourcecode.swift; path = InstagramCloneTests.swift; sourceTree = "<group>"; };
		396FB2D228C98285000B5EC6 /* InstagramCloneUITests.xctest */ = {isa = PBXFileReference; explicitFileType = wrapper.cfbundle; includeInIndex = 0; path = InstagramCloneUITests.xctest; sourceTree = BUILT_PRODUCTS_DIR; };
		396FB2D628C98285000B5EC6 /* InstagramCloneUITests.swift */ = {isa = PBXFileReference; lastKnownFileType = sourcecode.swift; path = InstagramCloneUITests.swift; sourceTree = "<group>"; };
		396FB2D828C98285000B5EC6 /* InstagramCloneUITestsLaunchTests.swift */ = {isa = PBXFileReference; lastKnownFileType = sourcecode.swift; path = InstagramCloneUITestsLaunchTests.swift; sourceTree = "<group>"; };
		396FB2E628C9874E000B5EC6 /* UserModel.swift */ = {isa = PBXFileReference; lastKnownFileType = sourcecode.swift; path = UserModel.swift; sourceTree = "<group>"; };
		396FB2E828C9908E000B5EC6 /* StoryModel.swift */ = {isa = PBXFileReference; lastKnownFileType = sourcecode.swift; path = StoryModel.swift; sourceTree = "<group>"; };
		396FB2EA28C991B8000B5EC6 /* TimelineModel.swift */ = {isa = PBXFileReference; lastKnownFileType = sourcecode.swift; path = TimelineModel.swift; sourceTree = "<group>"; };
		396FB2EC28C99267000B5EC6 /* CommentModel.swift */ = {isa = PBXFileReference; lastKnownFileType = sourcecode.swift; path = CommentModel.swift; sourceTree = "<group>"; };
		396FB2EF28C99468000B5EC6 /* ViewModel.swift */ = {isa = PBXFileReference; lastKnownFileType = sourcecode.swift; path = ViewModel.swift; sourceTree = "<group>"; };
		400A6BBF28E3E1730043E006 /* TimelineView.swift */ = {isa = PBXFileReference; fileEncoding = 4; lastKnownFileType = sourcecode.swift; path = TimelineView.swift; sourceTree = "<group>"; };
		400A6BC128E3E17A0043E006 /* TabViewCustom.swift */ = {isa = PBXFileReference; fileEncoding = 4; lastKnownFileType = sourcecode.swift; path = TabViewCustom.swift; sourceTree = "<group>"; };
/* End PBXFileReference section */

/* Begin PBXFrameworksBuildPhase section */
		396FB2B528C98284000B5EC6 /* Frameworks */ = {
			isa = PBXFrameworksBuildPhase;
			buildActionMask = 2147483647;
			files = (
			);
			runOnlyForDeploymentPostprocessing = 0;
		};
		396FB2C528C98285000B5EC6 /* Frameworks */ = {
			isa = PBXFrameworksBuildPhase;
			buildActionMask = 2147483647;
			files = (
			);
			runOnlyForDeploymentPostprocessing = 0;
		};
		396FB2CF28C98285000B5EC6 /* Frameworks */ = {
			isa = PBXFrameworksBuildPhase;
			buildActionMask = 2147483647;
			files = (
			);
			runOnlyForDeploymentPostprocessing = 0;
		};
/* End PBXFrameworksBuildPhase section */

/* Begin PBXGroup section */
		3968E67C28CD94DB00B9AFB8 /* Views */ = {
			isa = PBXGroup;
			children = (
				3968E67D28CD94EC00B9AFB8 /* StoryView.swift */,
				400A6BBF28E3E1730043E006 /* TimelineView.swift */,
				400A6BC128E3E17A0043E006 /* TabViewCustom.swift */,
			);
			path = Views;
			sourceTree = "<group>";
		};
		396FB2AF28C98284000B5EC6 = {
			isa = PBXGroup;
			children = (
				396FB2BA28C98284000B5EC6 /* InstagramClone */,
				396FB2CB28C98285000B5EC6 /* InstagramCloneTests */,
				396FB2D528C98285000B5EC6 /* InstagramCloneUITests */,
				396FB2B928C98284000B5EC6 /* Products */,
			);
			sourceTree = "<group>";
		};
		396FB2B928C98284000B5EC6 /* Products */ = {
			isa = PBXGroup;
			children = (
				396FB2B828C98284000B5EC6 /* InstagramClone.app */,
				396FB2C828C98285000B5EC6 /* InstagramCloneTests.xctest */,
				396FB2D228C98285000B5EC6 /* InstagramCloneUITests.xctest */,
			);
			name = Products;
			sourceTree = "<group>";
		};
		396FB2BA28C98284000B5EC6 /* InstagramClone */ = {
			isa = PBXGroup;
			children = (
				3968E67C28CD94DB00B9AFB8 /* Views */,
				396FB2EE28C992E5000B5EC6 /* ViewModel */,
				396FB2E528C9873B000B5EC6 /* Model */,
				396FB2BB28C98284000B5EC6 /* InstagramCloneApp.swift */,
				396FB2BD28C98284000B5EC6 /* ContentView.swift */,
				396FB2BF28C98285000B5EC6 /* Assets.xcassets */,
				396FB2C128C98285000B5EC6 /* Preview Content */,
			);
			path = InstagramClone;
			sourceTree = "<group>";
		};
		396FB2C128C98285000B5EC6 /* Preview Content */ = {
			isa = PBXGroup;
			children = (
				396FB2C228C98285000B5EC6 /* Preview Assets.xcassets */,
			);
			path = "Preview Content";
			sourceTree = "<group>";
		};
		396FB2CB28C98285000B5EC6 /* InstagramCloneTests */ = {
			isa = PBXGroup;
			children = (
				396FB2CC28C98285000B5EC6 /* InstagramCloneTests.swift */,
			);
			path = InstagramCloneTests;
			sourceTree = "<group>";
		};
		396FB2D528C98285000B5EC6 /* InstagramCloneUITests */ = {
			isa = PBXGroup;
			children = (
				396FB2D628C98285000B5EC6 /* InstagramCloneUITests.swift */,
				396FB2D828C98285000B5EC6 /* InstagramCloneUITestsLaunchTests.swift */,
			);
			path = InstagramCloneUITests;
			sourceTree = "<group>";
		};
		396FB2E528C9873B000B5EC6 /* Model */ = {
			isa = PBXGroup;
			children = (
				396FB2E628C9874E000B5EC6 /* UserModel.swift */,
				396FB2E828C9908E000B5EC6 /* StoryModel.swift */,
				396FB2EA28C991B8000B5EC6 /* TimelineModel.swift */,
				396FB2EC28C99267000B5EC6 /* CommentModel.swift */,
			);
			path = Model;
			sourceTree = "<group>";
		};
		396FB2EE28C992E5000B5EC6 /* ViewModel */ = {
			isa = PBXGroup;
			children = (
				396FB2EF28C99468000B5EC6 /* ViewModel.swift */,
			);
			path = ViewModel;
			sourceTree = "<group>";
		};
/* End PBXGroup section */

/* Begin PBXNativeTarget section */
		396FB2B728C98284000B5EC6 /* InstagramClone */ = {
			isa = PBXNativeTarget;
			buildConfigurationList = 396FB2DC28C98285000B5EC6 /* Build configuration list for PBXNativeTarget "InstagramClone" */;
			buildPhases = (
				396FB2B428C98284000B5EC6 /* Sources */,
				396FB2B528C98284000B5EC6 /* Frameworks */,
				396FB2B628C98284000B5EC6 /* Resources */,
			);
			buildRules = (
			);
			dependencies = (
			);
			name = InstagramClone;
			productName = InstagramClone;
			productReference = 396FB2B828C98284000B5EC6 /* InstagramClone.app */;
			productType = "com.apple.product-type.application";
		};
		396FB2C728C98285000B5EC6 /* InstagramCloneTests */ = {
			isa = PBXNativeTarget;
			buildConfigurationList = 396FB2DF28C98285000B5EC6 /* Build configuration list for PBXNativeTarget "InstagramCloneTests" */;
			buildPhases = (
				396FB2C428C98285000B5EC6 /* Sources */,
				396FB2C528C98285000B5EC6 /* Frameworks */,
				396FB2C628C98285000B5EC6 /* Resources */,
			);
			buildRules = (
			);
			dependencies = (
				396FB2CA28C98285000B5EC6 /* PBXTargetDependency */,
			);
			name = InstagramCloneTests;
			productName = InstagramCloneTests;
			productReference = 396FB2C828C98285000B5EC6 /* InstagramCloneTests.xctest */;
			productType = "com.apple.product-type.bundle.unit-test";
		};
		396FB2D128C98285000B5EC6 /* InstagramCloneUITests */ = {
			isa = PBXNativeTarget;
			buildConfigurationList = 396FB2E228C98285000B5EC6 /* Build configuration list for PBXNativeTarget "InstagramCloneUITests" */;
			buildPhases = (
				396FB2CE28C98285000B5EC6 /* Sources */,
				396FB2CF28C98285000B5EC6 /* Frameworks */,
				396FB2D028C98285000B5EC6 /* Resources */,
			);
			buildRules = (
			);
			dependencies = (
				396FB2D428C98285000B5EC6 /* PBXTargetDependency */,
			);
			name = InstagramCloneUITests;
			productName = InstagramCloneUITests;
			productReference = 396FB2D228C98285000B5EC6 /* InstagramCloneUITests.xctest */;
			productType = "com.apple.product-type.bundle.ui-testing";
		};
/* End PBXNativeTarget section */

/* Begin PBXProject section */
		396FB2B028C98284000B5EC6 /* Project object */ = {
			isa = PBXProject;
			attributes = {
				BuildIndependentTargetsInParallel = 1;
				LastSwiftUpdateCheck = 1340;
				LastUpgradeCheck = 1340;
				TargetAttributes = {
					396FB2B728C98284000B5EC6 = {
						CreatedOnToolsVersion = 13.4.1;
					};
					396FB2C728C98285000B5EC6 = {
						CreatedOnToolsVersion = 13.4.1;
						TestTargetID = 396FB2B728C98284000B5EC6;
					};
					396FB2D128C98285000B5EC6 = {
						CreatedOnToolsVersion = 13.4.1;
						TestTargetID = 396FB2B728C98284000B5EC6;
					};
				};
			};
			buildConfigurationList = 396FB2B328C98284000B5EC6 /* Build configuration list for PBXProject "InstagramClone" */;
			compatibilityVersion = "Xcode 13.0";
			developmentRegion = en;
			hasScannedForEncodings = 0;
			knownRegions = (
				en,
				Base,
			);
			mainGroup = 396FB2AF28C98284000B5EC6;
			productRefGroup = 396FB2B928C98284000B5EC6 /* Products */;
			projectDirPath = "";
			projectRoot = "";
			targets = (
				396FB2B728C98284000B5EC6 /* InstagramClone */,
				396FB2C728C98285000B5EC6 /* InstagramCloneTests */,
				396FB2D128C98285000B5EC6 /* InstagramCloneUITests */,
			);
		};
/* End PBXProject section */

/* Begin PBXResourcesBuildPhase section */
		396FB2B628C98284000B5EC6 /* Resources */ = {
			isa = PBXResourcesBuildPhase;
			buildActionMask = 2147483647;
			files = (
				396FB2C328C98285000B5EC6 /* Preview Assets.xcassets in Resources */,
				396FB2C028C98285000B5EC6 /* Assets.xcassets in Resources */,
			);
			runOnlyForDeploymentPostprocessing = 0;
		};
		396FB2C628C98285000B5EC6 /* Resources */ = {
			isa = PBXResourcesBuildPhase;
			buildActionMask = 2147483647;
			files = (
			);
			runOnlyForDeploymentPostprocessing = 0;
		};
		396FB2D028C98285000B5EC6 /* Resources */ = {
			isa = PBXResourcesBuildPhase;
			buildActionMask = 2147483647;
			files = (
			);
			runOnlyForDeploymentPostprocessing = 0;
		};
/* End PBXResourcesBuildPhase section */

/* Begin PBXSourcesBuildPhase section */
		396FB2B428C98284000B5EC6 /* Sources */ = {
			isa = PBXSourcesBuildPhase;
			buildActionMask = 2147483647;
			files = (
				396FB2EB28C991B8000B5EC6 /* TimelineModel.swift in Sources */,
				396FB2ED28C99267000B5EC6 /* CommentModel.swift in Sources */,
				396FB2BE28C98284000B5EC6 /* ContentView.swift in Sources */,
				396FB2E928C9908E000B5EC6 /* StoryModel.swift in Sources */,
				396FB2E728C9874E000B5EC6 /* UserModel.swift in Sources */,
				396FB2BC28C98284000B5EC6 /* InstagramCloneApp.swift in Sources */,
				3968E67E28CD94EC00B9AFB8 /* StoryView.swift in Sources */,
				400A6BC028E3E1730043E006 /* TimelineView.swift in Sources */,
				396FB2F028C99468000B5EC6 /* ViewModel.swift in Sources */,
				400A6BC228E3E17A0043E006 /* TabViewCustom.swift in Sources */,
			);
			runOnlyForDeploymentPostprocessing = 0;
		};
		396FB2C428C98285000B5EC6 /* Sources */ = {
			isa = PBXSourcesBuildPhase;
			buildActionMask = 2147483647;
			files = (
				396FB2CD28C98285000B5EC6 /* InstagramCloneTests.swift in Sources */,
			);
			runOnlyForDeploymentPostprocessing = 0;
		};
		396FB2CE28C98285000B5EC6 /* Sources */ = {
			isa = PBXSourcesBuildPhase;
			buildActionMask = 2147483647;
			files = (
				396FB2D728C98285000B5EC6 /* InstagramCloneUITests.swift in Sources */,
				396FB2D928C98285000B5EC6 /* InstagramCloneUITestsLaunchTests.swift in Sources */,
			);
			runOnlyForDeploymentPostprocessing = 0;
		};
/* End PBXSourcesBuildPhase section */

/* Begin PBXTargetDependency section */
		396FB2CA28C98285000B5EC6 /* PBXTargetDependency */ = {
			isa = PBXTargetDependency;
			target = 396FB2B728C98284000B5EC6 /* InstagramClone */;
			targetProxy = 396FB2C928C98285000B5EC6 /* PBXContainerItemProxy */;
		};
		396FB2D428C98285000B5EC6 /* PBXTargetDependency */ = {
			isa = PBXTargetDependency;
			target = 396FB2B728C98284000B5EC6 /* InstagramClone */;
			targetProxy = 396FB2D328C98285000B5EC6 /* PBXContainerItemProxy */;
		};
/* End PBXTargetDependency section */

/* Begin XCBuildConfiguration section */
		396FB2DA28C98285000B5EC6 /* Debug */ = {
			isa = XCBuildConfiguration;
			buildSettings = {
				ALWAYS_SEARCH_USER_PATHS = NO;
				CLANG_ANALYZER_NONNULL = YES;
				CLANG_ANALYZER_NUMBER_OBJECT_CONVERSION = YES_AGGRESSIVE;
				CLANG_CXX_LANGUAGE_STANDARD = "gnu++17";
				CLANG_ENABLE_MODULES = YES;
				CLANG_ENABLE_OBJC_ARC = YES;
				CLANG_ENABLE_OBJC_WEAK = YES;
				CLANG_WARN_BLOCK_CAPTURE_AUTORELEASING = YES;
				CLANG_WARN_BOOL_CONVERSION = YES;
				CLANG_WARN_COMMA = YES;
				CLANG_WARN_CONSTANT_CONVERSION = YES;
				CLANG_WARN_DEPRECATED_OBJC_IMPLEMENTATIONS = YES;
				CLANG_WARN_DIRECT_OBJC_ISA_USAGE = YES_ERROR;
				CLANG_WARN_DOCUMENTATION_COMMENTS = YES;
				CLANG_WARN_EMPTY_BODY = YES;
				CLANG_WARN_ENUM_CONVERSION = YES;
				CLANG_WARN_INFINITE_RECURSION = YES;
				CLANG_WARN_INT_CONVERSION = YES;
				CLANG_WARN_NON_LITERAL_NULL_CONVERSION = YES;
				CLANG_WARN_OBJC_IMPLICIT_RETAIN_SELF = YES;
				CLANG_WARN_OBJC_LITERAL_CONVERSION = YES;
				CLANG_WARN_OBJC_ROOT_CLASS = YES_ERROR;
				CLANG_WARN_QUOTED_INCLUDE_IN_FRAMEWORK_HEADER = YES;
				CLANG_WARN_RANGE_LOOP_ANALYSIS = YES;
				CLANG_WARN_STRICT_PROTOTYPES = YES;
				CLANG_WARN_SUSPICIOUS_MOVE = YES;
				CLANG_WARN_UNGUARDED_AVAILABILITY = YES_AGGRESSIVE;
				CLANG_WARN_UNREACHABLE_CODE = YES;
				CLANG_WARN__DUPLICATE_METHOD_MATCH = YES;
				COPY_PHASE_STRIP = NO;
				DEBUG_INFORMATION_FORMAT = dwarf;
				ENABLE_STRICT_OBJC_MSGSEND = YES;
				ENABLE_TESTABILITY = YES;
				GCC_C_LANGUAGE_STANDARD = gnu11;
				GCC_DYNAMIC_NO_PIC = NO;
				GCC_NO_COMMON_BLOCKS = YES;
				GCC_OPTIMIZATION_LEVEL = 0;
				GCC_PREPROCESSOR_DEFINITIONS = (
					"DEBUG=1",
					"$(inherited)",
				);
				GCC_WARN_64_TO_32_BIT_CONVERSION = YES;
				GCC_WARN_ABOUT_RETURN_TYPE = YES_ERROR;
				GCC_WARN_UNDECLARED_SELECTOR = YES;
				GCC_WARN_UNINITIALIZED_AUTOS = YES_AGGRESSIVE;
				GCC_WARN_UNUSED_FUNCTION = YES;
				GCC_WARN_UNUSED_VARIABLE = YES;
				IPHONEOS_DEPLOYMENT_TARGET = 15.5;
				MTL_ENABLE_DEBUG_INFO = INCLUDE_SOURCE;
				MTL_FAST_MATH = YES;
				ONLY_ACTIVE_ARCH = YES;
				SDKROOT = iphoneos;
				SWIFT_ACTIVE_COMPILATION_CONDITIONS = DEBUG;
				SWIFT_OPTIMIZATION_LEVEL = "-Onone";
			};
			name = Debug;
		};
		396FB2DB28C98285000B5EC6 /* Release */ = {
			isa = XCBuildConfiguration;
			buildSettings = {
				ALWAYS_SEARCH_USER_PATHS = NO;
				CLANG_ANALYZER_NONNULL = YES;
				CLANG_ANALYZER_NUMBER_OBJECT_CONVERSION = YES_AGGRESSIVE;
				CLANG_CXX_LANGUAGE_STANDARD = "gnu++17";
				CLANG_ENABLE_MODULES = YES;
				CLANG_ENABLE_OBJC_ARC = YES;
				CLANG_ENABLE_OBJC_WEAK = YES;
				CLANG_WARN_BLOCK_CAPTURE_AUTORELEASING = YES;
				CLANG_WARN_BOOL_CONVERSION = YES;
				CLANG_WARN_COMMA = YES;
				CLANG_WARN_CONSTANT_CONVERSION = YES;
				CLANG_WARN_DEPRECATED_OBJC_IMPLEMENTATIONS = YES;
				CLANG_WARN_DIRECT_OBJC_ISA_USAGE = YES_ERROR;
				CLANG_WARN_DOCUMENTATION_COMMENTS = YES;
				CLANG_WARN_EMPTY_BODY = YES;
				CLANG_WARN_ENUM_CONVERSION = YES;
				CLANG_WARN_INFINITE_RECURSION = YES;
				CLANG_WARN_INT_CONVERSION = YES;
				CLANG_WARN_NON_LITERAL_NULL_CONVERSION = YES;
				CLANG_WARN_OBJC_IMPLICIT_RETAIN_SELF = YES;
				CLANG_WARN_OBJC_LITERAL_CONVERSION = YES;
				CLANG_WARN_OBJC_ROOT_CLASS = YES_ERROR;
				CLANG_WARN_QUOTED_INCLUDE_IN_FRAMEWORK_HEADER = YES;
				CLANG_WARN_RANGE_LOOP_ANALYSIS = YES;
				CLANG_WARN_STRICT_PROTOTYPES = YES;
				CLANG_WARN_SUSPICIOUS_MOVE = YES;
				CLANG_WARN_UNGUARDED_AVAILABILITY = YES_AGGRESSIVE;
				CLANG_WARN_UNREACHABLE_CODE = YES;
				CLANG_WARN__DUPLICATE_METHOD_MATCH = YES;
				COPY_PHASE_STRIP = NO;
				DEBUG_INFORMATION_FORMAT = "dwarf-with-dsym";
				ENABLE_NS_ASSERTIONS = NO;
				ENABLE_STRICT_OBJC_MSGSEND = YES;
				GCC_C_LANGUAGE_STANDARD = gnu11;
				GCC_NO_COMMON_BLOCKS = YES;
				GCC_WARN_64_TO_32_BIT_CONVERSION = YES;
				GCC_WARN_ABOUT_RETURN_TYPE = YES_ERROR;
				GCC_WARN_UNDECLARED_SELECTOR = YES;
				GCC_WARN_UNINITIALIZED_AUTOS = YES_AGGRESSIVE;
				GCC_WARN_UNUSED_FUNCTION = YES;
				GCC_WARN_UNUSED_VARIABLE = YES;
				IPHONEOS_DEPLOYMENT_TARGET = 15.5;
				MTL_ENABLE_DEBUG_INFO = NO;
				MTL_FAST_MATH = YES;
				SDKROOT = iphoneos;
				SWIFT_COMPILATION_MODE = wholemodule;
				SWIFT_OPTIMIZATION_LEVEL = "-O";
				VALIDATE_PRODUCT = YES;
			};
			name = Release;
		};
		396FB2DD28C98285000B5EC6 /* Debug */ = {
			isa = XCBuildConfiguration;
			buildSettings = {
				ASSETCATALOG_COMPILER_APPICON_NAME = AppIcon;
				ASSETCATALOG_COMPILER_GLOBAL_ACCENT_COLOR_NAME = AccentColor;
				CODE_SIGN_STYLE = Automatic;
				CURRENT_PROJECT_VERSION = 1;
				DEVELOPMENT_ASSET_PATHS = "\"InstagramClone/Preview Content\"";
				DEVELOPMENT_TEAM = RJNWKKQ88P;
				ENABLE_PREVIEWS = YES;
				GENERATE_INFOPLIST_FILE = YES;
				INFOPLIST_KEY_UIApplicationSceneManifest_Generation = YES;
				INFOPLIST_KEY_UIApplicationSupportsIndirectInputEvents = YES;
				INFOPLIST_KEY_UILaunchScreen_Generation = YES;
				INFOPLIST_KEY_UISupportedInterfaceOrientations_iPad = "UIInterfaceOrientationPortrait UIInterfaceOrientationPortraitUpsideDown UIInterfaceOrientationLandscapeLeft UIInterfaceOrientationLandscapeRight";
				INFOPLIST_KEY_UISupportedInterfaceOrientations_iPhone = "UIInterfaceOrientationPortrait UIInterfaceOrientationLandscapeLeft UIInterfaceOrientationLandscapeRight";
				LD_RUNPATH_SEARCH_PATHS = (
					"$(inherited)",
					"@executable_path/Frameworks",
				);
				MARKETING_VERSION = 1.0;
				PRODUCT_BUNDLE_IDENTIFIER = com.fabian.InstagramClone;
				PRODUCT_NAME = "$(TARGET_NAME)";
				SWIFT_EMIT_LOC_STRINGS = YES;
				SWIFT_VERSION = 5.0;
				TARGETED_DEVICE_FAMILY = "1,2";
			};
			name = Debug;
		};
		396FB2DE28C98285000B5EC6 /* Release */ = {
			isa = XCBuildConfiguration;
			buildSettings = {
				ASSETCATALOG_COMPILER_APPICON_NAME = AppIcon;
				ASSETCATALOG_COMPILER_GLOBAL_ACCENT_COLOR_NAME = AccentColor;
				CODE_SIGN_STYLE = Automatic;
				CURRENT_PROJECT_VERSION = 1;
				DEVELOPMENT_ASSET_PATHS = "\"InstagramClone/Preview Content\"";
				DEVELOPMENT_TEAM = RJNWKKQ88P;
				ENABLE_PREVIEWS = YES;
				GENERATE_INFOPLIST_FILE = YES;
				INFOPLIST_KEY_UIApplicationSceneManifest_Generation = YES;
				INFOPLIST_KEY_UIApplicationSupportsIndirectInputEvents = YES;
				INFOPLIST_KEY_UILaunchScreen_Generation = YES;
				INFOPLIST_KEY_UISupportedInterfaceOrientations_iPad = "UIInterfaceOrientationPortrait UIInterfaceOrientationPortraitUpsideDown UIInterfaceOrientationLandscapeLeft UIInterfaceOrientationLandscapeRight";
				INFOPLIST_KEY_UISupportedInterfaceOrientations_iPhone = "UIInterfaceOrientationPortrait UIInterfaceOrientationLandscapeLeft UIInterfaceOrientationLandscapeRight";
				LD_RUNPATH_SEARCH_PATHS = (
					"$(inherited)",
					"@executable_path/Frameworks",
				);
				MARKETING_VERSION = 1.0;
				PRODUCT_BUNDLE_IDENTIFIER = com.fabian.InstagramClone;
				PRODUCT_NAME = "$(TARGET_NAME)";
				SWIFT_EMIT_LOC_STRINGS = YES;
				SWIFT_VERSION = 5.0;
				TARGETED_DEVICE_FAMILY = "1,2";
			};
			name = Release;
		};
		396FB2E028C98285000B5EC6 /* Debug */ = {
			isa = XCBuildConfiguration;
			buildSettings = {
				ALWAYS_EMBED_SWIFT_STANDARD_LIBRARIES = YES;
				BUNDLE_LOADER = "$(TEST_HOST)";
				CODE_SIGN_STYLE = Automatic;
				CURRENT_PROJECT_VERSION = 1;
				DEVELOPMENT_TEAM = RJNWKKQ88P;
				GENERATE_INFOPLIST_FILE = YES;
				IPHONEOS_DEPLOYMENT_TARGET = 15.5;
				MARKETING_VERSION = 1.0;
				PRODUCT_BUNDLE_IDENTIFIER = com.fabian.InstagramCloneTests;
				PRODUCT_NAME = "$(TARGET_NAME)";
				SWIFT_EMIT_LOC_STRINGS = NO;
				SWIFT_VERSION = 5.0;
				TARGETED_DEVICE_FAMILY = "1,2";
				TEST_HOST = "$(BUILT_PRODUCTS_DIR)/InstagramClone.app/InstagramClone";
			};
			name = Debug;
		};
		396FB2E128C98285000B5EC6 /* Release */ = {
			isa = XCBuildConfiguration;
			buildSettings = {
				ALWAYS_EMBED_SWIFT_STANDARD_LIBRARIES = YES;
				BUNDLE_LOADER = "$(TEST_HOST)";
				CODE_SIGN_STYLE = Automatic;
				CURRENT_PROJECT_VERSION = 1;
				DEVELOPMENT_TEAM = RJNWKKQ88P;
				GENERATE_INFOPLIST_FILE = YES;
				IPHONEOS_DEPLOYMENT_TARGET = 15.5;
				MARKETING_VERSION = 1.0;
				PRODUCT_BUNDLE_IDENTIFIER = com.fabian.InstagramCloneTests;
				PRODUCT_NAME = "$(TARGET_NAME)";
				SWIFT_EMIT_LOC_STRINGS = NO;
				SWIFT_VERSION = 5.0;
				TARGETED_DEVICE_FAMILY = "1,2";
				TEST_HOST = "$(BUILT_PRODUCTS_DIR)/InstagramClone.app/InstagramClone";
			};
			name = Release;
		};
		396FB2E328C98285000B5EC6 /* Debug */ = {
			isa = XCBuildConfiguration;
			buildSettings = {
				ALWAYS_EMBED_SWIFT_STANDARD_LIBRARIES = YES;
				CODE_SIGN_STYLE = Automatic;
				CURRENT_PROJECT_VERSION = 1;
				DEVELOPMENT_TEAM = RJNWKKQ88P;
				GENERATE_INFOPLIST_FILE = YES;
				MARKETING_VERSION = 1.0;
				PRODUCT_BUNDLE_IDENTIFIER = com.fabian.InstagramCloneUITests;
				PRODUCT_NAME = "$(TARGET_NAME)";
				SWIFT_EMIT_LOC_STRINGS = NO;
				SWIFT_VERSION = 5.0;
				TARGETED_DEVICE_FAMILY = "1,2";
				TEST_TARGET_NAME = InstagramClone;
			};
			name = Debug;
		};
		396FB2E428C98285000B5EC6 /* Release */ = {
			isa = XCBuildConfiguration;
			buildSettings = {
				ALWAYS_EMBED_SWIFT_STANDARD_LIBRARIES = YES;
				CODE_SIGN_STYLE = Automatic;
				CURRENT_PROJECT_VERSION = 1;
				DEVELOPMENT_TEAM = RJNWKKQ88P;
				GENERATE_INFOPLIST_FILE = YES;
				MARKETING_VERSION = 1.0;
				PRODUCT_BUNDLE_IDENTIFIER = com.fabian.InstagramCloneUITests;
				PRODUCT_NAME = "$(TARGET_NAME)";
				SWIFT_EMIT_LOC_STRINGS = NO;
				SWIFT_VERSION = 5.0;
				TARGETED_DEVICE_FAMILY = "1,2";
				TEST_TARGET_NAME = InstagramClone;
			};
			name = Release;
		};
/* End XCBuildConfiguration section */

/* Begin XCConfigurationList section */
		396FB2B328C98284000B5EC6 /* Build configuration list for PBXProject "InstagramClone" */ = {
			isa = XCConfigurationList;
			buildConfigurations = (
				396FB2DA28C98285000B5EC6 /* Debug */,
				396FB2DB28C98285000B5EC6 /* Release */,
			);
			defaultConfigurationIsVisible = 0;
			defaultConfigurationName = Release;
		};
		396FB2DC28C98285000B5EC6 /* Build configuration list for PBXNativeTarget "InstagramClone" */ = {
			isa = XCConfigurationList;
			buildConfigurations = (
				396FB2DD28C98285000B5EC6 /* Debug */,
				396FB2DE28C98285000B5EC6 /* Release */,
			);
			defaultConfigurationIsVisible = 0;
			defaultConfigurationName = Release;
		};
		396FB2DF28C98285000B5EC6 /* Build configuration list for PBXNativeTarget "InstagramCloneTests" */ = {
			isa = XCConfigurationList;
			buildConfigurations = (
				396FB2E028C98285000B5EC6 /* Debug */,
				396FB2E128C98285000B5EC6 /* Release */,
			);
			defaultConfigurationIsVisible = 0;
			defaultConfigurationName = Release;
		};
		396FB2E228C98285000B5EC6 /* Build configuration list for PBXNativeTarget "InstagramCloneUITests" */ = {
			isa = XCConfigurationList;
			buildConfigurations = (
				396FB2E328C98285000B5EC6 /* Debug */,
				396FB2E428C98285000B5EC6 /* Release */,
			);
			defaultConfigurationIsVisible = 0;
			defaultConfigurationName = Release;
		};
/* End XCConfigurationList section */
	};
	rootObject = 396FB2B028C98284000B5EC6 /* Project object */;
}
